
Microsoft Visual Studio Solution File, Format Version 12.00
# Visual Studio Version 16
VisualStudioVersion = 16.0.30114.105
MinimumVisualStudioVersion = 10.0.40219.1
Project("{FAE04EC0-301F-11D3-BF4B-00C04F79EFBC}") = "demoForNetFramework2.0", "demoForNetFramework2.0\demoForNetFramework2.0.csproj", "{08A34EAE-7E05-4293-A6D8-135DD99CB485}"
EndProject
Global
	GlobalSection(SolutionConfigurationPlatforms) = preSolution
		Debug|Any CPU = Debug|Any CPU
		LinuxDebug|Any CPU = LinuxDebug|Any CPU
		Release|Any CPU = Release|Any CPU
	EndGlobalSection
	GlobalSection(ProjectConfigurationPlatforms) = postSolution
		{08A34EAE-7E05-4293-A6D8-135DD99CB485}.Debug|Any CPU.ActiveCfg = Debug|Any CPU
		{08A34EAE-7E05-4293-A6D8-135DD99CB485}.Debug|Any CPU.Build.0 = Debug|Any CPU
		{08A34EAE-7E05-4293-A6D8-135DD99CB485}.LinuxDebug|Any CPU.ActiveCfg = LinuxDebug|Any CPU
		{08A34EAE-7E05-4293-A6D8-135DD99CB485}.LinuxDebug|Any CPU.Build.0 = LinuxDebug|Any CPU
		{08A34EAE-7E05-4293-A6D8-135DD99CB485}.Release|Any CPU.ActiveCfg = Release|Any CPU
		{08A34EAE-7E05-4293-A6D8-135DD99CB485}.Release|Any CPU.Build.0 = Release|Any CPU
	EndGlobalSection
	GlobalSection(SolutionProperties) = preSolution
		HideSolutionNode = FALSE
	EndGlobalSection
	GlobalSection(ExtensibilityGlobals) = postSolution
		SolutionGuid = {442D81F5-B3FA-4C76-B822-D3983ED4E5DD}
	EndGlobalSection
EndGlobal
